<?xml version="1.0" encoding="utf-8"?>
<Project ToolsVersion="4.0" xmlns="http://schemas.microsoft.com/developer/msbuild/2003">
  <ItemGroup>
    <Filter Include="utils">
      <UniqueIdentifier>{6f5bd609-4015-48cc-888b-2250c859c9f7}</UniqueIdentifier>
    </Filter>
    <Filter Include="io">
      <UniqueIdentifier>{fabe7d9c-aff5-41bc-86a2-991571ef0f0b}</UniqueIdentifier>
    </Filter>
    <Filter Include="memory">
      <UniqueIdentifier>{06464231-cb3a-4ec5-b16c-61fa74a2331a}</UniqueIdentifier>
    </Filter>
    <Filter Include="lib">
      <UniqueIdentifier>{897b94d5-e66b-4d29-8fbe-4826c3a2c6d2}</UniqueIdentifier>
    </Filter>
    <Filter Include="math">
      <UniqueIdentifier>{ea8be514-4dbd-4983-93cc-8e435139a6b4}</UniqueIdentifier>
    </Filter>
    <Filter Include="data">
      <UniqueIdentifier>{5384c1d7-53b5-4997-baa4-5495a8bd7cf6}</UniqueIdentifier>
    </Filter>
    <Filter Include="base">
      <UniqueIdentifier>{6885b338-bff4-4a5a-ac57-16348e626c89}</UniqueIdentifier>
    </Filter>
    <Filter Include="graphics">
      <UniqueIdentifier>{39ab3ff5-cbd0-4a6b-87d8-359b6315352a}</UniqueIdentifier>
    </Filter>
    <Filter Include="profiler">
      <UniqueIdentifier>{c890fb1f-8244-4268-88f2-dd4c4c2af68d}</UniqueIdentifier>
    </Filter>
    <Filter Include="string">
      <UniqueIdentifier>{bf58d875-3956-4a00-a244-f29d6ad0e858}</UniqueIdentifier>
    </Filter>
    <Filter Include="log">
      <UniqueIdentifier>{8f676403-baba-4d6f-8ae6-6e15c30eaa10}</UniqueIdentifier>
    </Filter>
    <Filter Include="script">
      <UniqueIdentifier>{ed6784cf-0ccc-47f7-b6ea-4c4260f1fd4d}</UniqueIdentifier>
    </Filter>
    <Filter Include="world">
      <UniqueIdentifier>{ae7ef93c-9f0d-45e0-93ea-630ef289b42d}</UniqueIdentifier>
    </Filter>
    <Filter Include="world\actions">
      <UniqueIdentifier>{16049e7e-9c5a-4fc1-ba82-fde5d89be7bf}</UniqueIdentifier>
    </Filter>
    <Filter Include="physics">
      <UniqueIdentifier>{82a37971-7bc7-40da-a532-6a59b3c85b5c}</UniqueIdentifier>
    </Filter>
    <Filter Include="net">
      <UniqueIdentifier>{7c38b7d2-9ff9-4b6f-bca0-b2f9904f5ae2}</UniqueIdentifier>
    </Filter>
    <Filter Include="plugin">
      <UniqueIdentifier>{f9485f6d-5dbd-4a44-8994-bbb05fbc73ff}</UniqueIdentifier>
    </Filter>
  </ItemGroup>
  <ItemGroup>
    <ClCompile Include="core\base\CrashReporter.cpp">
      <Filter>base</Filter>
    </ClCompile>
    <ClCompile Include="core\base\EventStream.cpp">
      <Filter>base</Filter>
    </ClCompile>
    <ClCompile Include="core\base\system_info.cpp">
      <Filter>base</Filter>
    </ClCompile>
    <ClCompile Include="core\data\DynamicSettings.cpp">
      <Filter>data</Filter>
    </ClCompile>
    <ClCompile Include="core\graphics\Color.cpp">
      <Filter>graphics</Filter>
    </ClCompile>
    <ClCompile Include="core\io\BinaryFile.cpp">
      <Filter>io</Filter>
    </ClCompile>
    <ClCompile Include="core\io\DataFile.cpp">
      <Filter>io</Filter>
    </ClCompile>
    <ClCompile Include="core\io\FileRepository.cpp">
      <Filter>io</Filter>
    </ClCompile>
    <ClCompile Include="core\io\FileUtils.cpp">
      <Filter>io</Filter>
    </ClCompile>
    <ClCompile Include="core\io\Huffmann.cpp">
      <Filter>io</Filter>
    </ClCompile>
    <ClCompile Include="core\io\json.cpp">
      <Filter>io</Filter>
    </ClCompile>
    <ClCompile Include="core\io\TextCompressor.cpp">
      <Filter>io</Filter>
    </ClCompile>
    <ClCompile Include="core\lib\BlockArray.cpp">
      <Filter>lib</Filter>
    </ClCompile>
    <ClCompile Include="core\log\Log.cpp">
      <Filter>log</Filter>
    </ClCompile>
    <ClCompile Include="core\math\CubicBezierPath.cpp">
      <Filter>math</Filter>
    </ClCompile>
    <ClCompile Include="core\math\GameMath.cpp">
      <Filter>math</Filter>
    </ClCompile>
    <ClCompile Include="core\math\hex.cpp">
      <Filter>math</Filter>
    </ClCompile>
    <ClCompile Include="core\math\math.cpp">
      <Filter>math</Filter>
    </ClCompile>
    <ClCompile Include="core\math\matrix.cpp">
      <Filter>math</Filter>
    </ClCompile>
    <ClCompile Include="core\math\StraightPath.cpp">
      <Filter>math</Filter>
    </ClCompile>
    <ClCompile Include="core\math\tweening.cpp">
      <Filter>math</Filter>
    </ClCompile>
    <ClCompile Include="core\memory\DefaultAllocator.cpp">
      <Filter>memory</Filter>
    </ClCompile>
    <ClCompile Include="core\profiler\Profiler.cpp">
      <Filter>profiler</Filter>
    </ClCompile>
    <ClCompile Include="core\string\StaticHash.cpp">
      <Filter>string</Filter>
    </ClCompile>
    <ClCompile Include="core\string\StringUtils.cpp">
      <Filter>string</Filter>
    </ClCompile>
    <ClCompile Include="core\utils\StateManager.cpp">
      <Filter>utils</Filter>
    </ClCompile>
    <ClCompile Include="core\utils\TileMapReader.cpp">
      <Filter>utils</Filter>
    </ClCompile>
    <ClCompile Include="core\base\ShortcutsHandler.cpp">
      <Filter>base</Filter>
    </ClCompile>
    <ClCompile Include="core\script\vm.cpp">
      <Filter>script</Filter>
    </ClCompile>
    <ClCompile Include="core\world\World.cpp">
      <Filter>world</Filter>
    </ClCompile>
    <ClCompile Include="core\world\actions\AbstractAction.cpp">
      <Filter>world\actions</Filter>
    </ClCompile>
    <ClCompile Include="core\world\actions\ScalingAction.cpp">
      <Filter>world\actions</Filter>
    </ClCompile>
    <ClCompile Include="core\world\actions\RemoveAfterAction.cpp">
      <Filter>world\actions</Filter>
    </ClCompile>
    <ClCompile Include="core\world\actions\ScaleByPathAction.cpp">
      <Filter>world\actions</Filter>
    </ClCompile>
    <ClCompile Include="core\io\ReportWriter.cpp">
      <Filter>io</Filter>
    </ClCompile>
    <ClCompile Include="core\world\actions\MoveByAction.cpp">
      <Filter>world\actions</Filter>
    </ClCompile>
    <ClCompile Include="core\world\actions\CollisionAction.cpp">
      <Filter>world\actions</Filter>
    </ClCompile>
    <ClCompile Include="core\world\AdditionalData.cpp">
      <Filter>world</Filter>
    </ClCompile>
    <ClCompile Include="core\physics\ColliderArray.cpp">
      <Filter>physics</Filter>
    </ClCompile>
    <ClCompile Include="core\world\actions\RotateByAction.cpp">
      <Filter>world\actions</Filter>
    </ClCompile>
    <ClCompile Include="core\world\actions\RotateToTargetAction.cpp">
      <Filter>world\actions</Filter>
    </ClCompile>
    <ClCompile Include="core\world\actions\LookAtAction.cpp">
      <Filter>world\actions</Filter>
    </ClCompile>
    <ClCompile Include="core\world\actions\SeekAction.cpp">
      <Filter>world\actions</Filter>
    </ClCompile>
    <ClCompile Include="core\world\actions\SeparateAction.cpp">
      <Filter>world\actions</Filter>
    </ClCompile>
    <ClCompile Include="core\world\WorldEntityTemplates.cpp">
      <Filter>world</Filter>
    </ClCompile>
    <ClCompile Include="core\world\actions\AlphaFadeToAction.cpp">
      <Filter>world\actions</Filter>
    </ClCompile>
    <ClCompile Include="core\world\actions\ScaleAxesAction.cpp">
      <Filter>world\actions</Filter>
    </ClCompile>
    <ClCompile Include="core\world\actions\RotateAction.cpp">
      <Filter>world\actions</Filter>
    </ClCompile>
    <ClCompile Include="core\world\actions\ColorFlashAction.cpp">
      <Filter>world\actions</Filter>
    </ClCompile>
    <ClCompile Include="core\net\GameServer.cpp">
      <Filter>net</Filter>
    </ClCompile>
    <ClCompile Include="core\lib\collection_types.cpp">
      <Filter>lib</Filter>
    </ClCompile>
    <ClCompile Include="core\world\actions\WiggleAction.cpp">
      <Filter>world\actions</Filter>
    </ClCompile>
    <ClCompile Include="core\world\actions\AlignToForceAction.cpp">
      <Filter>world\actions</Filter>
    </ClCompile>
    <ClCompile Include="core\world\ActionManager.cpp">
      <Filter>world</Filter>
    </ClCompile>
    <ClCompile Include="core\world\Behaviors.cpp">
      <Filter>world</Filter>
    </ClCompile>
    <ClCompile Include="core\plugin\Plugin.cpp">
      <Filter>plugin</Filter>
    </ClCompile>
    <ClCompile Include="core\math\FourierPath.cpp">
      <Filter>math</Filter>
    </ClCompile>
    <ClCompile Include="core\base\GameObject.cpp">
      <Filter>base</Filter>
    </ClCompile>
  </ItemGroup>
  <ItemGroup>
    <ClInclude Include="core\base\Assert.h">
      <Filter>base</Filter>
    </ClInclude>
    <ClInclude Include="core\base\CrashReporter.h">
      <Filter>base</Filter>
    </ClInclude>
    <ClInclude Include="core\base\EventStream.h">
      <Filter>base</Filter>
    </ClInclude>
    <ClInclude Include="core\base\system_info.h">
      <Filter>base</Filter>
    </ClInclude>
    <ClInclude Include="core\data\DynamicSettings.h">
      <Filter>data</Filter>
    </ClInclude>
    <ClInclude Include="core\data\HighscoreService.h">
      <Filter>data</Filter>
    </ClInclude>
    <ClInclude Include="core\graphics\Color.h">
      <Filter>graphics</Filter>
    </ClInclude>
    <ClInclude Include="core\graphics\Texture.h">
      <Filter>graphics</Filter>
    </ClInclude>
    <ClInclude Include="core\io\BinaryFile.h">
      <Filter>io</Filter>
    </ClInclude>
    <ClInclude Include="core\io\DataFile.h">
      <Filter>io</Filter>
    </ClInclude>
    <ClInclude Include="core\io\FileRepository.h">
      <Filter>io</Filter>
    </ClInclude>
    <ClInclude Include="core\io\FileUtils.h">
      <Filter>io</Filter>
    </ClInclude>
    <ClInclude Include="core\io\Huffmann.h">
      <Filter>io</Filter>
    </ClInclude>
    <ClInclude Include="core\io\json.h">
      <Filter>io</Filter>
    </ClInclude>
    <ClInclude Include="core\io\TextCompressor.h">
      <Filter>io</Filter>
    </ClInclude>
    <ClInclude Include="core\lib\BlockArray.h">
      <Filter>lib</Filter>
    </ClInclude>
    <ClInclude Include="core\lib\collection_types.h">
      <Filter>lib</Filter>
    </ClInclude>
    <ClInclude Include="core\lib\DataArray.h">
      <Filter>lib</Filter>
    </ClInclude>
    <ClInclude Include="core\lib\Grid.h">
      <Filter>lib</Filter>
    </ClInclude>
    <ClInclude Include="core\log\Log.h">
      <Filter>log</Filter>
    </ClInclude>
    <ClInclude Include="core\math\AABBox.h">
      <Filter>math</Filter>
    </ClInclude>
    <ClInclude Include="core\math\BezierCurve.h">
      <Filter>math</Filter>
    </ClInclude>
    <ClInclude Include="core\math\Bitset.h">
      <Filter>math</Filter>
    </ClInclude>
    <ClInclude Include="core\math\CubicBezierPath.h">
      <Filter>math</Filter>
    </ClInclude>
    <ClInclude Include="core\math\FloatArray.h">
      <Filter>math</Filter>
    </ClInclude>
    <ClInclude Include="core\math\GameMath.h">
      <Filter>math</Filter>
    </ClInclude>
    <ClInclude Include="core\math\hex.h">
      <Filter>math</Filter>
    </ClInclude>
    <ClInclude Include="core\math\HexGrid.h">
      <Filter>math</Filter>
    </ClInclude>
    <ClInclude Include="core\math\math.h">
      <Filter>math</Filter>
    </ClInclude>
    <ClInclude Include="core\math\math_types.h">
      <Filter>math</Filter>
    </ClInclude>
    <ClInclude Include="core\math\matrix.h">
      <Filter>math</Filter>
    </ClInclude>
    <ClInclude Include="core\math\StraightPath.h">
      <Filter>math</Filter>
    </ClInclude>
    <ClInclude Include="core\math\tweening.h">
      <Filter>math</Filter>
    </ClInclude>
    <ClInclude Include="core\memory\DefaultAllocator.h">
      <Filter>memory</Filter>
    </ClInclude>
    <ClInclude Include="core\memory\memory_types.h">
      <Filter>memory</Filter>
    </ClInclude>
    <ClInclude Include="core\profiler\Profiler.h">
      <Filter>profiler</Filter>
    </ClInclude>
    <ClInclude Include="core\string\StaticHash.h">
      <Filter>string</Filter>
    </ClInclude>
    <ClInclude Include="core\string\StringUtils.h">
      <Filter>string</Filter>
    </ClInclude>
    <ClInclude Include="core\utils\GameTimer.h">
      <Filter>utils</Filter>
    </ClInclude>
    <ClInclude Include="core\utils\StateManager.h">
      <Filter>utils</Filter>
    </ClInclude>
    <ClInclude Include="core\utils\TileMapReader.h">
      <Filter>utils</Filter>
    </ClInclude>
    <ClInclude Include="core\Common.h" />
    <ClInclude Include="core\base\ShortcutsHandler.h">
      <Filter>base</Filter>
    </ClInclude>
    <ClInclude Include="core\script\vm.h">
      <Filter>script</Filter>
    </ClInclude>
    <ClInclude Include="core\world\World.h">
      <Filter>world</Filter>
    </ClInclude>
    <ClInclude Include="core\world\actions\AbstractAction.h">
      <Filter>world\actions</Filter>
    </ClInclude>
    <ClInclude Include="core\world\actions\ScalingAction.h">
      <Filter>world\actions</Filter>
    </ClInclude>
    <ClInclude Include="core\world\ActionEventBuffer.h">
      <Filter>world</Filter>
    </ClInclude>
    <ClInclude Include="core\world\actions\RemoveAfterAction.h">
      <Filter>world\actions</Filter>
    </ClInclude>
    <ClInclude Include="core\world\actions\ScaleByPathAction.h">
      <Filter>world\actions</Filter>
    </ClInclude>
    <ClInclude Include="core\io\ReportWriter.h">
      <Filter>io</Filter>
    </ClInclude>
    <ClInclude Include="core\world\actions\MoveByAction.h">
      <Filter>world\actions</Filter>
    </ClInclude>
    <ClInclude Include="core\world\actions\CollisionAction.h">
      <Filter>world\actions</Filter>
    </ClInclude>
    <ClInclude Include="core\world\AdditionalData.h">
      <Filter>world</Filter>
    </ClInclude>
    <ClInclude Include="core\physics\ColliderArray.h">
      <Filter>physics</Filter>
    </ClInclude>
    <ClInclude Include="core\world\actions\RotateByAction.h">
      <Filter>world\actions</Filter>
    </ClInclude>
    <ClInclude Include="core\world\actions\RotateToTargetAction.h">
      <Filter>world\actions</Filter>
    </ClInclude>
    <ClInclude Include="core\world\actions\LookAtAction.h">
      <Filter>world\actions</Filter>
    </ClInclude>
    <ClInclude Include="core\world\actions\SeekAction.h">
      <Filter>world\actions</Filter>
    </ClInclude>
    <ClInclude Include="core\world\actions\SeparateAction.h">
      <Filter>world\actions</Filter>
    </ClInclude>
    <ClInclude Include="core\world\WorldEntityTemplates.h">
      <Filter>world</Filter>
    </ClInclude>
    <ClInclude Include="core\world\actions\AlphaFadeToAction.h">
      <Filter>world\actions</Filter>
    </ClInclude>
    <ClInclude Include="core\world\actions\ScaleAxesAction.h">
      <Filter>world\actions</Filter>
    </ClInclude>
    <ClInclude Include="core\world\actions\RotateAction.h">
      <Filter>world\actions</Filter>
    </ClInclude>
    <ClInclude Include="core\world\actions\ColorFlashAction.h">
      <Filter>world\actions</Filter>
    </ClInclude>
    <ClInclude Include="core\net\GameServer.h">
      <Filter>net</Filter>
    </ClInclude>
    <ClInclude Include="core\world\actions\WiggleAction.h">
      <Filter>world\actions</Filter>
    </ClInclude>
    <ClInclude Include="core\world\actions\AlignToForceAction.h">
      <Filter>world\actions</Filter>
    </ClInclude>
    <ClInclude Include="core\world\ActionManager.h">
      <Filter>world</Filter>
    </ClInclude>
    <ClInclude Include="core\world\Behaviors.h">
      <Filter>world</Filter>
    </ClInclude>
    <ClInclude Include="core\plugin\Plugin.h">
      <Filter>plugin</Filter>
    </ClInclude>
    <ClInclude Include="core\base\StateObject.h">
      <Filter>base</Filter>
    </ClInclude>
    <ClInclude Include="core\math\FourierPath.h">
      <Filter>math</Filter>
    </ClInclude>
    <ClInclude Include="core\base\GameObject.h">
      <Filter>base</Filter>
    </ClInclude>
  </ItemGroup>
  <ItemGroup>
    <None Include="TODO.md" />
  </ItemGroup>
</Project>